name: Pick Lock
type: root.traits
_id: 3DKqIF8sBfvLrkbb
img: icons/svg/pawprint.svg
system:
  htmlFields:
    - description
  filePathFields:
    img:
      - IMAGE
  steps: []
effects: []
folder: null
sort: 0
ownership:
  default: 0
flags:
  root:
    traitType: feat
    traitDescription: >-
      <p><strong>Description:</strong> Open a locked door, chest, etc.</p>

      <blockquote>

      <p><strong>Risks</strong></p>

      <ul>

      <li><strong>Break Something:</strong> Break something you&rsquo;re
      carrying or in the environment. Possibly mark wear.</li>

      <li><strong>Detection:</strong> Straight up get noticed by onlooker.</li>

      <li><strong>Plunge Into Danger:</strong> Seize the chance to act and run
      into a more dangerous situation.</li>

      </ul>

      </blockquote>
_stats:
  systemId: pbta
  systemVersion: 0.7.2
  coreVersion: '12.331'
  createdTime: 1689798903961
  modifiedTime: 1689798980474
  lastModifiedBy: rloriteexporter0
  compendiumSource: null
  duplicateSource: null
_key: '!items!3DKqIF8sBfvLrkbb'

